
Microsoft Visual Studio Solution File, Format Version 12.00
# Visual Studio Version 17
VisualStudioVersion = 17.11.35303.130
MinimumVisualStudioVersion = 10.0.40219.1
Project("{FAE04EC0-301F-11D3-BF4B-00C04F79EFBC}") = "AutomobileLibrary", "AutomobileLibrary\AutomobileLibrary.csproj", "{B84576DA-9E05-41DF-A608-D6709B7675D1}"
EndProject
Project("{FAE04EC0-301F-11D3-BF4B-00C04F79EFBC}") = "AutomobileWPF", "AutomobileWPF\AutomobileWPF.csproj", "{97F75A9A-14F4-4A72-A4BA-BDD9E12EE8BA}"
EndProject
Global
	GlobalSection(SolutionConfigurationPlatforms) = preSolution
		Debug|Any CPU = Debug|Any CPU
		Release|Any CPU = Release|Any CPU
	EndGlobalSection
	GlobalSection(ProjectConfigurationPlatforms) = postSolution
		{B84576DA-9E05-41DF-A608-D6709B7675D1}.Debug|Any CPU.ActiveCfg = Debug|Any CPU
		{B84576DA-9E05-41DF-A608-D6709B7675D1}.Debug|Any CPU.Build.0 = Debug|Any CPU
		{B84576DA-9E05-41DF-A608-D6709B7675D1}.Release|Any CPU.ActiveCfg = Release|Any CPU
		{B84576DA-9E05-41DF-A608-D6709B7675D1}.Release|Any CPU.Build.0 = Release|Any CPU
		{97F75A9A-14F4-4A72-A4BA-BDD9E12EE8BA}.Debug|Any CPU.ActiveCfg = Debug|Any CPU
		{97F75A9A-14F4-4A72-A4BA-BDD9E12EE8BA}.Debug|Any CPU.Build.0 = Debug|Any CPU
		{97F75A9A-14F4-4A72-A4BA-BDD9E12EE8BA}.Release|Any CPU.ActiveCfg = Release|Any CPU
		{97F75A9A-14F4-4A72-A4BA-BDD9E12EE8BA}.Release|Any CPU.Build.0 = Release|Any CPU
	EndGlobalSection
	GlobalSection(SolutionProperties) = preSolution
		HideSolutionNode = FALSE
	EndGlobalSection
	GlobalSection(ExtensibilityGlobals) = postSolution
		SolutionGuid = {785E1445-F689-48C1-876A-9646A0215541}
	EndGlobalSection
EndGlobal
